<?xml version="1.0" encoding="utf-8"?>
<Project ToolsVersion="4.0" xmlns="http://schemas.microsoft.com/developer/msbuild/2003">
  <ItemGroup>
    <Filter Include="Source Files">
      <UniqueIdentifier>{4FC737F1-C7A5-4376-A066-2A32D752A2FF}</UniqueIdentifier>
      <Extensions>cpp;c;cc;cxx;c++;cppm;ixx;def;odl;idl;hpj;bat;asm;asmx</Extensions>
    </Filter>
    <Filter Include="Header Files">
      <UniqueIdentifier>{93995380-89BD-4b04-88EB-625FBE52EBFB}</UniqueIdentifier>
      <Extensions>h;hh;hpp;hxx;h++;hm;inl;inc;ipp;xsd</Extensions>
    </Filter>
    <Filter Include="Resource Files">
      <UniqueIdentifier>{67DA6AB6-F800-4c08-8B7A-83BB121AAD01}</UniqueIdentifier>
      <Extensions>rc;ico;cur;bmp;dlg;rc2;rct;bin;rgs;gif;jpg;jpeg;jpe;resx;tiff;tif;png;wav;mfcribbon-ms</Extensions>
    </Filter>
  </ItemGroup>
  <ItemGroup>
    <ClCompile Include="104. Maximum Depth of Binary Tree.cpp">
      <Filter>Source Files</Filter>
    </ClCompile>
    <ClCompile Include="100. Same Tree.cpp">
      <Filter>Source Files</Filter>
    </ClCompile>
    <ClCompile Include="226. Invert Binary Tree.cpp">
      <Filter>Source Files</Filter>
    </ClCompile>
    <ClCompile Include="102. Binary Tree Level Order Traversal.cpp">
      <Filter>Source Files</Filter>
    </ClCompile>
    <ClCompile Include="297. Serialize and Deserialize Binary Tree.cpp">
      <Filter>Source Files</Filter>
    </ClCompile>
    <ClCompile Include="572. Subtree of Another Tree.cpp">
      <Filter>Source Files</Filter>
    </ClCompile>
    <ClCompile Include="105. Construct Binary Tree from Preorder and Inorder Traversal.cpp">
      <Filter>Source Files</Filter>
    </ClCompile>
    <ClCompile Include="98. Validate Binary Search Tree.cpp">
      <Filter>Source Files</Filter>
    </ClCompile>
    <ClCompile Include="230. Kth Smallest Element in a BST.cpp">
      <Filter>Source Files</Filter>
    </ClCompile>
    <ClCompile Include="235. Lowest Common Ancestor of a Binary Search Tree.cpp">
      <Filter>Source Files</Filter>
    </ClCompile>
    <ClCompile Include="11. Container With Most Water.cpp">
      <Filter>Source Files</Filter>
    </ClCompile>
    <ClCompile Include="33. Search in Rotated Sorted Array.cpp">
      <Filter>Source Files</Filter>
    </ClCompile>
    <ClCompile Include="153. Find Minimum in Rotated Sorted Array.cpp">
      <Filter>Source Files</Filter>
    </ClCompile>
    <ClCompile Include="152. Maximum Product Subarray.cpp">
      <Filter>Source Files</Filter>
    </ClCompile>
    <ClCompile Include="96. Unique Binary Search Trees.cpp">
      <Filter>Source Files</Filter>
    </ClCompile>
    <ClCompile Include="653. Two Sum IV - Input is a BST.cpp">
      <Filter>Source Files</Filter>
    </ClCompile>
    <ClCompile Include="26. Remove Duplicates from Sorted Array.cpp">
      <Filter>Source Files</Filter>
    </ClCompile>
    <ClCompile Include="27. Remove Element.cpp">
      <Filter>Source Files</Filter>
    </ClCompile>
    <ClCompile Include="35. Search Insert Position.cpp">
      <Filter>Source Files</Filter>
    </ClCompile>
    <ClCompile Include="99. Recover Binary Search Tree.cpp">
      <Filter>Source Files</Filter>
    </ClCompile>
    <ClCompile Include="108. Convert Sorted Array to Binary Search Tree.cpp">
      <Filter>Source Files</Filter>
    </ClCompile>
    <ClCompile Include="109. Convert Sorted List to Binary Search Tree.cpp">
      <Filter>Source Files</Filter>
    </ClCompile>
    <ClCompile Include="173. Binary Search Tree Iterator.cpp">
      <Filter>Source Files</Filter>
    </ClCompile>
    <ClCompile Include="449. Serialize and Deserialize BST.cpp">
      <Filter>Source Files</Filter>
    </ClCompile>
    <ClCompile Include="450. Delete Node in a BST.cpp">
      <Filter>Source Files</Filter>
    </ClCompile>
    <ClCompile Include="530. Minimum Absolute Difference in BST.cpp">
      <Filter>Source Files</Filter>
    </ClCompile>
    <ClCompile Include="783. Minimum Distance Between BST Nodes.cpp">
      <Filter>Source Files</Filter>
    </ClCompile>
    <ClCompile Include="538. Convert BST to Greater Tree.cpp">
      <Filter>Source Files</Filter>
    </ClCompile>
    <ClCompile Include="1038. Binary Search Tree to Greater Sum Tree.cpp">
      <Filter>Source Files</Filter>
    </ClCompile>
    <ClCompile Include="700. Search in a Binary Search Tree.cpp">
      <Filter>Source Files</Filter>
    </ClCompile>
    <ClCompile Include="701. Insert into a Binary Search Tree.cpp">
      <Filter>Source Files</Filter>
    </ClCompile>
    <ClCompile Include="703. Kth Largest Element in a Stream.cpp">
      <Filter>Source Files</Filter>
    </ClCompile>
    <ClCompile Include="897. Increasing Order Search Tree.cpp">
      <Filter>Source Files</Filter>
    </ClCompile>
    <ClCompile Include="938. Range Sum of BST.cpp">
      <Filter>Source Files</Filter>
    </ClCompile>
    <ClCompile Include="1008. Construct Binary Search Tree from Preorder Traversal.cpp">
      <Filter>Source Files</Filter>
    </ClCompile>
    <ClCompile Include="1305. All Elements in Two Binary Search Trees.cpp">
      <Filter>Source Files</Filter>
    </ClCompile>
    <ClCompile Include="1382. Balance a Binary Search Tree.cpp">
      <Filter>Source Files</Filter>
    </ClCompile>
    <ClCompile Include="2816. Double a Number Represented as a Linked List.cpp">
      <Filter>Source Files</Filter>
    </ClCompile>
    <ClCompile Include="2181. Merge Nodes in Between Zeros.cpp">
      <Filter>Source Files</Filter>
    </ClCompile>
    <ClCompile Include="2130. Maximum Twin Sum of a Linked List.cpp">
      <Filter>Source Files</Filter>
    </ClCompile>
    <ClCompile Include="2095. Delete the Middle Node of a Linked List.cpp">
      <Filter>Source Files</Filter>
    </ClCompile>
    <ClCompile Include="1721. Swapping Nodes in a Linked List.cpp">
      <Filter>Source Files</Filter>
    </ClCompile>
    <ClCompile Include="1670. Design Front Middle Back Queue.cpp">
      <Filter>Source Files</Filter>
    </ClCompile>
  </ItemGroup>
</Project>